
Microsoft Visual Studio Solution File, Format Version 12.00
# Visual Studio Express 2012 for Web
Project("{FAE04EC0-301F-11D3-BF4B-00C04F79EFBC}") = "AQIWeb", "AQIWeb\AQIWeb.csproj", "{54DE9738-9649-4894-BE7A-EE0263AB8B87}"
EndProject
Project("{FAE04EC0-301F-11D3-BF4B-00C04F79EFBC}") = "AQIWeb.Tests", "AQIWeb.Tests\AQIWeb.Tests.csproj", "{3B752F8B-D69F-4FC0-93D9-6DF38CCBD2AC}"
EndProject
Project("{FAE04EC0-301F-11D3-BF4B-00C04F79EFBC}") = "GetAQIData", "GetAQIData\GetAQIData.csproj", "{3D7F5D49-A9CA-4A9F-A3B0-6BB70F2A8D9A}"
EndProject
Global
	GlobalSection(SolutionConfigurationPlatforms) = preSolution
		Debug|Any CPU = Debug|Any CPU
		Debug|Mixed Platforms = Debug|Mixed Platforms
		Debug|x86 = Debug|x86
		Release|Any CPU = Release|Any CPU
		Release|Mixed Platforms = Release|Mixed Platforms
		Release|x86 = Release|x86
	EndGlobalSection
	GlobalSection(ProjectConfigurationPlatforms) = postSolution
		{54DE9738-9649-4894-BE7A-EE0263AB8B87}.Debug|Any CPU.ActiveCfg = Debug|Any CPU
		{54DE9738-9649-4894-BE7A-EE0263AB8B87}.Debug|Any CPU.Build.0 = Debug|Any CPU
		{54DE9738-9649-4894-BE7A-EE0263AB8B87}.Debug|Mixed Platforms.ActiveCfg = Debug|Any CPU
		{54DE9738-9649-4894-BE7A-EE0263AB8B87}.Debug|Mixed Platforms.Build.0 = Debug|Any CPU
		{54DE9738-9649-4894-BE7A-EE0263AB8B87}.Debug|x86.ActiveCfg = Debug|Any CPU
		{54DE9738-9649-4894-BE7A-EE0263AB8B87}.Release|Any CPU.ActiveCfg = Release|Any CPU
		{54DE9738-9649-4894-BE7A-EE0263AB8B87}.Release|Any CPU.Build.0 = Release|Any CPU
		{54DE9738-9649-4894-BE7A-EE0263AB8B87}.Release|Mixed Platforms.ActiveCfg = Release|Any CPU
		{54DE9738-9649-4894-BE7A-EE0263AB8B87}.Release|Mixed Platforms.Build.0 = Release|Any CPU
		{54DE9738-9649-4894-BE7A-EE0263AB8B87}.Release|x86.ActiveCfg = Release|Any CPU
		{3B752F8B-D69F-4FC0-93D9-6DF38CCBD2AC}.Debug|Any CPU.ActiveCfg = Debug|Any CPU
		{3B752F8B-D69F-4FC0-93D9-6DF38CCBD2AC}.Debug|Any CPU.Build.0 = Debug|Any CPU
		{3B752F8B-D69F-4FC0-93D9-6DF38CCBD2AC}.Debug|Mixed Platforms.ActiveCfg = Debug|Any CPU
		{3B752F8B-D69F-4FC0-93D9-6DF38CCBD2AC}.Debug|Mixed Platforms.Build.0 = Debug|Any CPU
		{3B752F8B-D69F-4FC0-93D9-6DF38CCBD2AC}.Debug|x86.ActiveCfg = Debug|Any CPU
		{3B752F8B-D69F-4FC0-93D9-6DF38CCBD2AC}.Release|Any CPU.ActiveCfg = Release|Any CPU
		{3B752F8B-D69F-4FC0-93D9-6DF38CCBD2AC}.Release|Any CPU.Build.0 = Release|Any CPU
		{3B752F8B-D69F-4FC0-93D9-6DF38CCBD2AC}.Release|Mixed Platforms.ActiveCfg = Release|Any CPU
		{3B752F8B-D69F-4FC0-93D9-6DF38CCBD2AC}.Release|Mixed Platforms.Build.0 = Release|Any CPU
		{3B752F8B-D69F-4FC0-93D9-6DF38CCBD2AC}.Release|x86.ActiveCfg = Release|Any CPU
		{3D7F5D49-A9CA-4A9F-A3B0-6BB70F2A8D9A}.Debug|Any CPU.ActiveCfg = Debug|x86
		{3D7F5D49-A9CA-4A9F-A3B0-6BB70F2A8D9A}.Debug|Mixed Platforms.ActiveCfg = Debug|x86
		{3D7F5D49-A9CA-4A9F-A3B0-6BB70F2A8D9A}.Debug|Mixed Platforms.Build.0 = Debug|x86
		{3D7F5D49-A9CA-4A9F-A3B0-6BB70F2A8D9A}.Debug|x86.ActiveCfg = Debug|x86
		{3D7F5D49-A9CA-4A9F-A3B0-6BB70F2A8D9A}.Debug|x86.Build.0 = Debug|x86
		{3D7F5D49-A9CA-4A9F-A3B0-6BB70F2A8D9A}.Release|Any CPU.ActiveCfg = Release|x86
		{3D7F5D49-A9CA-4A9F-A3B0-6BB70F2A8D9A}.Release|Mixed Platforms.ActiveCfg = Release|x86
		{3D7F5D49-A9CA-4A9F-A3B0-6BB70F2A8D9A}.Release|Mixed Platforms.Build.0 = Release|x86
		{3D7F5D49-A9CA-4A9F-A3B0-6BB70F2A8D9A}.Release|x86.ActiveCfg = Release|x86
		{3D7F5D49-A9CA-4A9F-A3B0-6BB70F2A8D9A}.Release|x86.Build.0 = Release|x86
	EndGlobalSection
	GlobalSection(SolutionProperties) = preSolution
		HideSolutionNode = FALSE
	EndGlobalSection
EndGlobal
