
Microsoft Visual Studio Solution File, Format Version 11.00
# Visual Studio 2010
Project("{FAE04EC0-301F-11D3-BF4B-00C04F79EFBC}") = "DataRecovery", "DataRecovery\DataRecovery.csproj", "{E55D4812-9134-4511-B75A-FBFF591ABCA3}"
EndProject
Project("{FAE04EC0-301F-11D3-BF4B-00C04F79EFBC}") = "ConsoleApplication1", "ConsoleApplication1\ConsoleApplication1.csproj", "{FC0F013A-A492-4009-8DC0-947C65341E0A}"
EndProject
Project("{FAE04EC0-301F-11D3-BF4B-00C04F79EFBC}") = "WindowsFormsApplication1", "WindowsFormsApplication1\WindowsFormsApplication1.csproj", "{A90F6A85-377E-4391-B774-93F6349D955A}"
EndProject
Global
	GlobalSection(SolutionConfigurationPlatforms) = preSolution
		Debug|Any CPU = Debug|Any CPU
		Debug|Mixed Platforms = Debug|Mixed Platforms
		Debug|x86 = Debug|x86
		Release|Any CPU = Release|Any CPU
		Release|Mixed Platforms = Release|Mixed Platforms
		Release|x86 = Release|x86
	EndGlobalSection
	GlobalSection(ProjectConfigurationPlatforms) = postSolution
		{E55D4812-9134-4511-B75A-FBFF591ABCA3}.Debug|Any CPU.ActiveCfg = Debug|Any CPU
		{E55D4812-9134-4511-B75A-FBFF591ABCA3}.Debug|Any CPU.Build.0 = Debug|Any CPU
		{E55D4812-9134-4511-B75A-FBFF591ABCA3}.Debug|Mixed Platforms.ActiveCfg = Debug|Any CPU
		{E55D4812-9134-4511-B75A-FBFF591ABCA3}.Debug|Mixed Platforms.Build.0 = Debug|Any CPU
		{E55D4812-9134-4511-B75A-FBFF591ABCA3}.Debug|x86.ActiveCfg = Debug|Any CPU
		{E55D4812-9134-4511-B75A-FBFF591ABCA3}.Release|Any CPU.ActiveCfg = Release|Any CPU
		{E55D4812-9134-4511-B75A-FBFF591ABCA3}.Release|Any CPU.Build.0 = Release|Any CPU
		{E55D4812-9134-4511-B75A-FBFF591ABCA3}.Release|Mixed Platforms.ActiveCfg = Release|Any CPU
		{E55D4812-9134-4511-B75A-FBFF591ABCA3}.Release|Mixed Platforms.Build.0 = Release|Any CPU
		{E55D4812-9134-4511-B75A-FBFF591ABCA3}.Release|x86.ActiveCfg = Release|Any CPU
		{FC0F013A-A492-4009-8DC0-947C65341E0A}.Debug|Any CPU.ActiveCfg = Debug|x86
		{FC0F013A-A492-4009-8DC0-947C65341E0A}.Debug|Mixed Platforms.ActiveCfg = Debug|x86
		{FC0F013A-A492-4009-8DC0-947C65341E0A}.Debug|Mixed Platforms.Build.0 = Debug|x86
		{FC0F013A-A492-4009-8DC0-947C65341E0A}.Debug|x86.ActiveCfg = Debug|x86
		{FC0F013A-A492-4009-8DC0-947C65341E0A}.Debug|x86.Build.0 = Debug|x86
		{FC0F013A-A492-4009-8DC0-947C65341E0A}.Release|Any CPU.ActiveCfg = Release|x86
		{FC0F013A-A492-4009-8DC0-947C65341E0A}.Release|Mixed Platforms.ActiveCfg = Release|x86
		{FC0F013A-A492-4009-8DC0-947C65341E0A}.Release|Mixed Platforms.Build.0 = Release|x86
		{FC0F013A-A492-4009-8DC0-947C65341E0A}.Release|x86.ActiveCfg = Release|x86
		{FC0F013A-A492-4009-8DC0-947C65341E0A}.Release|x86.Build.0 = Release|x86
		{A90F6A85-377E-4391-B774-93F6349D955A}.Debug|Any CPU.ActiveCfg = Debug|x86
		{A90F6A85-377E-4391-B774-93F6349D955A}.Debug|Mixed Platforms.ActiveCfg = Debug|x86
		{A90F6A85-377E-4391-B774-93F6349D955A}.Debug|Mixed Platforms.Build.0 = Debug|x86
		{A90F6A85-377E-4391-B774-93F6349D955A}.Debug|x86.ActiveCfg = Debug|x86
		{A90F6A85-377E-4391-B774-93F6349D955A}.Debug|x86.Build.0 = Debug|x86
		{A90F6A85-377E-4391-B774-93F6349D955A}.Release|Any CPU.ActiveCfg = Release|x86
		{A90F6A85-377E-4391-B774-93F6349D955A}.Release|Mixed Platforms.ActiveCfg = Release|x86
		{A90F6A85-377E-4391-B774-93F6349D955A}.Release|Mixed Platforms.Build.0 = Release|x86
		{A90F6A85-377E-4391-B774-93F6349D955A}.Release|x86.ActiveCfg = Release|x86
		{A90F6A85-377E-4391-B774-93F6349D955A}.Release|x86.Build.0 = Release|x86
	EndGlobalSection
	GlobalSection(SolutionProperties) = preSolution
		HideSolutionNode = FALSE
	EndGlobalSection
EndGlobal
